
Microsoft Visual Studio Solution File, Format Version 12.00
# Visual Studio 15
VisualStudioVersion = 15.0.26228.12
MinimumVisualStudioVersion = 10.0.40219.1
Project("{FAE04EC0-301F-11D3-BF4B-00C04F79EFBC}") = "StrategySampleApp", "StrategySampleApp\StrategySampleApp.csproj", "{A07BA889-9B13-4C95-B065-361EA4893DC3}"
EndProject
Project("{F088123C-0E9E-452A-89E6-6BA2F21D5CAC}") = "ModelingProject", "ModelingProject\ModelingProject.modelproj", "{07AF2A45-B459-4926-8B9E-35C1EEE662ED}"
EndProject
Project("{FAE04EC0-301F-11D3-BF4B-00C04F79EFBC}") = "ObserverSampleApp", "ObserverSampleApp\ObserverSampleApp.csproj", "{9D16896B-0808-480F-9BAF-7DB4DC16E0F0}"
EndProject
Project("{FAE04EC0-301F-11D3-BF4B-00C04F79EFBC}") = "ObserverSampleApp_Events", "ObserverSampleApp_Events\ObserverSampleApp_Events.csproj", "{6EF2E11B-3DB7-44FC-836F-B2FAA4FB81C5}"
EndProject
Project("{FAE04EC0-301F-11D3-BF4B-00C04F79EFBC}") = "DecoratorSampleApp", "DecoratorSampleApp\DecoratorSampleApp.csproj", "{3FD38245-D04E-4E2F-88B9-0A5776165C5B}"
EndProject
Project("{2150E333-8FDC-42A3-9474-1A3956D46DE8}") = "Singleton Design Pattern", "Singleton Design Pattern", "{1510FF04-588B-4374-8640-D5BB99C70066}"
EndProject
Project("{FAE04EC0-301F-11D3-BF4B-00C04F79EFBC}") = "SingletonStandard", "SingletonStandard\SingletonStandard.csproj", "{83A033AC-5035-4A26-A7CB-DE72E618BC8C}"
EndProject
Global
	GlobalSection(SolutionConfigurationPlatforms) = preSolution
		Debug|Any CPU = Debug|Any CPU
		Release|Any CPU = Release|Any CPU
	EndGlobalSection
	GlobalSection(ProjectConfigurationPlatforms) = postSolution
		{A07BA889-9B13-4C95-B065-361EA4893DC3}.Debug|Any CPU.ActiveCfg = Debug|Any CPU
		{A07BA889-9B13-4C95-B065-361EA4893DC3}.Debug|Any CPU.Build.0 = Debug|Any CPU
		{A07BA889-9B13-4C95-B065-361EA4893DC3}.Release|Any CPU.ActiveCfg = Release|Any CPU
		{A07BA889-9B13-4C95-B065-361EA4893DC3}.Release|Any CPU.Build.0 = Release|Any CPU
		{07AF2A45-B459-4926-8B9E-35C1EEE662ED}.Debug|Any CPU.ActiveCfg = Debug|Any CPU
		{07AF2A45-B459-4926-8B9E-35C1EEE662ED}.Debug|Any CPU.Build.0 = Debug|Any CPU
		{07AF2A45-B459-4926-8B9E-35C1EEE662ED}.Release|Any CPU.ActiveCfg = Release|Any CPU
		{07AF2A45-B459-4926-8B9E-35C1EEE662ED}.Release|Any CPU.Build.0 = Release|Any CPU
		{9D16896B-0808-480F-9BAF-7DB4DC16E0F0}.Debug|Any CPU.ActiveCfg = Debug|Any CPU
		{9D16896B-0808-480F-9BAF-7DB4DC16E0F0}.Debug|Any CPU.Build.0 = Debug|Any CPU
		{9D16896B-0808-480F-9BAF-7DB4DC16E0F0}.Release|Any CPU.ActiveCfg = Release|Any CPU
		{9D16896B-0808-480F-9BAF-7DB4DC16E0F0}.Release|Any CPU.Build.0 = Release|Any CPU
		{6EF2E11B-3DB7-44FC-836F-B2FAA4FB81C5}.Debug|Any CPU.ActiveCfg = Debug|Any CPU
		{6EF2E11B-3DB7-44FC-836F-B2FAA4FB81C5}.Debug|Any CPU.Build.0 = Debug|Any CPU
		{6EF2E11B-3DB7-44FC-836F-B2FAA4FB81C5}.Release|Any CPU.ActiveCfg = Release|Any CPU
		{6EF2E11B-3DB7-44FC-836F-B2FAA4FB81C5}.Release|Any CPU.Build.0 = Release|Any CPU
		{3FD38245-D04E-4E2F-88B9-0A5776165C5B}.Debug|Any CPU.ActiveCfg = Debug|Any CPU
		{3FD38245-D04E-4E2F-88B9-0A5776165C5B}.Debug|Any CPU.Build.0 = Debug|Any CPU
		{3FD38245-D04E-4E2F-88B9-0A5776165C5B}.Release|Any CPU.ActiveCfg = Release|Any CPU
		{3FD38245-D04E-4E2F-88B9-0A5776165C5B}.Release|Any CPU.Build.0 = Release|Any CPU
		{83A033AC-5035-4A26-A7CB-DE72E618BC8C}.Debug|Any CPU.ActiveCfg = Debug|Any CPU
		{83A033AC-5035-4A26-A7CB-DE72E618BC8C}.Debug|Any CPU.Build.0 = Debug|Any CPU
		{83A033AC-5035-4A26-A7CB-DE72E618BC8C}.Release|Any CPU.ActiveCfg = Release|Any CPU
		{83A033AC-5035-4A26-A7CB-DE72E618BC8C}.Release|Any CPU.Build.0 = Release|Any CPU
	EndGlobalSection
	GlobalSection(SolutionProperties) = preSolution
		HideSolutionNode = FALSE
	EndGlobalSection
	GlobalSection(NestedProjects) = preSolution
		{83A033AC-5035-4A26-A7CB-DE72E618BC8C} = {1510FF04-588B-4374-8640-D5BB99C70066}
	EndGlobalSection
EndGlobal
